
Microsoft Visual Studio Solution File, Format Version 12.00
# Visual Studio 15
VisualStudioVersion = 15.0.28307.645
MinimumVisualStudioVersion = 10.0.40219.1
Project("{FAE04EC0-301F-11D3-BF4B-00C04F79EFBC}") = "Dietetyka", "Dietetyka\Dietetyka.csproj", "{8241C114-F6CD-47C9-92F5-7FAE214CF4B9}"
EndProject
Global
	GlobalSection(SolutionConfigurationPlatforms) = preSolution
		Debug|Any CPU = Debug|Any CPU
		Release|Any CPU = Release|Any CPU
	EndGlobalSection
	GlobalSection(ProjectConfigurationPlatforms) = postSolution
		{8241C114-F6CD-47C9-92F5-7FAE214CF4B9}.Debug|Any CPU.ActiveCfg = Debug|Any CPU
		{8241C114-F6CD-47C9-92F5-7FAE214CF4B9}.Debug|Any CPU.Build.0 = Debug|Any CPU
		{8241C114-F6CD-47C9-92F5-7FAE214CF4B9}.Release|Any CPU.ActiveCfg = Release|Any CPU
		{8241C114-F6CD-47C9-92F5-7FAE214CF4B9}.Release|Any CPU.Build.0 = Release|Any CPU
	EndGlobalSection
	GlobalSection(SolutionProperties) = preSolution
		HideSolutionNode = FALSE
	EndGlobalSection
	GlobalSection(ExtensibilityGlobals) = postSolution
		SolutionGuid = {025F63EB-589C-47FE-8E73-5A6AA55EBA40}
	EndGlobalSection
EndGlobal
